// !$*UTF8*$!
{
	archiveVersion = 1;
	classes = {
	};
	objectVersion = 46;
	objects = {

/* Begin PBXBuildFile section */
		DA90E8BE1DD0247C005119B8 /* DataType.cpp in Sources */ = {isa = PBXBuildFile; fileRef = DA90E8BC1DD0247C005119B8 /* DataType.cpp */; };
		DAA081BC1DCF2D0B0009779B /* main.cpp in Sources */ = {isa = PBXBuildFile; fileRef = DAA081BB1DCF2D0B0009779B /* main.cpp */; };
		DAA900971DD1FAFB005EE949 /* Pointer.cpp in Sources */ = {isa = PBXBuildFile; fileRef = DAA900961DD1FAFB005EE949 /* Pointer.cpp */; };
		DAA900991DD1FB7C005EE949 /* PointerMath.cpp in Sources */ = {isa = PBXBuildFile; fileRef = DAA900981DD1FB7C005EE949 /* PointerMath.cpp */; };
/* End PBXBuildFile section */

/* Begin PBXCopyFilesBuildPhase section */
		DAA081B61DCF2D0B0009779B /* CopyFiles */ = {
			isa = PBXCopyFilesBuildPhase;
			buildActionMask = 2147483647;
			dstPath = /usr/share/man/man1/;
			dstSubfolderSpec = 0;
			files = (
			);
			runOnlyForDeploymentPostprocessing = 1;
		};
/* End PBXCopyFilesBuildPhase section */

/* Begin PBXFileReference section */
		DA90E8BC1DD0247C005119B8 /* DataType.cpp */ = {isa = PBXFileReference; fileEncoding = 4; lastKnownFileType = sourcecode.cpp.cpp; path = DataType.cpp; sourceTree = "<group>"; };
		DA90E8BD1DD0247C005119B8 /* hello.hpp */ = {isa = PBXFileReference; fileEncoding = 4; lastKnownFileType = sourcecode.cpp.h; path = hello.hpp; sourceTree = "<group>"; };
		DAA081B81DCF2D0B0009779B /* c_project */ = {isa = PBXFileReference; explicitFileType = "compiled.mach-o.executable"; includeInIndex = 0; path = c_project; sourceTree = BUILT_PRODUCTS_DIR; };
		DAA081BB1DCF2D0B0009779B /* main.cpp */ = {isa = PBXFileReference; lastKnownFileType = sourcecode.cpp.cpp; path = main.cpp; sourceTree = "<group>"; };
		DAA900961DD1FAFB005EE949 /* Pointer.cpp */ = {isa = PBXFileReference; fileEncoding = 4; lastKnownFileType = sourcecode.cpp.cpp; path = Pointer.cpp; sourceTree = "<group>"; };
		DAA900981DD1FB7C005EE949 /* PointerMath.cpp */ = {isa = PBXFileReference; fileEncoding = 4; lastKnownFileType = sourcecode.cpp.cpp; path = PointerMath.cpp; sourceTree = "<group>"; };
/* End PBXFileReference section */

/* Begin PBXFrameworksBuildPhase section */
		DAA081B51DCF2D0B0009779B /* Frameworks */ = {
			isa = PBXFrameworksBuildPhase;
			buildActionMask = 2147483647;
			files = (
			);
			runOnlyForDeploymentPostprocessing = 0;
		};
/* End PBXFrameworksBuildPhase section */

/* Begin PBXGroup section */
		DA90E8C71DD0510A005119B8 /* varType */ = {
			isa = PBXGroup;
			children = (
			);
			name = varType;
			sourceTree = "<group>";
		};
		DAA081AF1DCF2D0B0009779B = {
			isa = PBXGroup;
			children = (
				DA90E8C71DD0510A005119B8 /* varType */,
				DAA081BA1DCF2D0B0009779B /* c_project */,
				DAA081B91DCF2D0B0009779B /* Products */,
			);
			sourceTree = "<group>";
		};
		DAA081B91DCF2D0B0009779B /* Products */ = {
			isa = PBXGroup;
			children = (
				DAA081B81DCF2D0B0009779B /* c_project */,
			);
			name = Products;
			sourceTree = "<group>";
		};
		DAA081BA1DCF2D0B0009779B /* c_project */ = {
			isa = PBXGroup;
			children = (
				DAA081BB1DCF2D0B0009779B /* main.cpp */,
				DA90E8BC1DD0247C005119B8 /* DataType.cpp */,
				DA90E8BD1DD0247C005119B8 /* hello.hpp */,
				DAA900961DD1FAFB005EE949 /* Pointer.cpp */,
				DAA900981DD1FB7C005EE949 /* PointerMath.cpp */,
			);
			path = c_project;
			sourceTree = "<group>";
		};
/* End PBXGroup section */

/* Begin PBXNativeTarget section */
		DAA081B71DCF2D0B0009779B /* c_project */ = {
			isa = PBXNativeTarget;
			buildConfigurationList = DAA081BF1DCF2D0B0009779B /* Build configuration list for PBXNativeTarget "c_project" */;
			buildPhases = (
				DAA081B41DCF2D0B0009779B /* Sources */,
				DAA081B51DCF2D0B0009779B /* Frameworks */,
				DAA081B61DCF2D0B0009779B /* CopyFiles */,
			);
			buildRules = (
			);
			dependencies = (
			);
			name = c_project;
			productName = c_project;
			productReference = DAA081B81DCF2D0B0009779B /* c_project */;
			productType = "com.apple.product-type.tool";
		};
/* End PBXNativeTarget section */

/* Begin PBXProject section */
		DAA081B01DCF2D0B0009779B /* Project object */ = {
			isa = PBXProject;
			attributes = {
				LastUpgradeCheck = 0800;
				ORGANIZATIONNAME = Zealot;
				TargetAttributes = {
					DAA081B71DCF2D0B0009779B = {
						CreatedOnToolsVersion = 8.0;
						ProvisioningStyle = Automatic;
					};
				};
			};
			buildConfigurationList = DAA081B31DCF2D0B0009779B /* Build configuration list for PBXProject "c_project" */;
			compatibilityVersion = "Xcode 3.2";
			developmentRegion = English;
			hasScannedForEncodings = 0;
			knownRegions = (
				en,
			);
			mainGroup = DAA081AF1DCF2D0B0009779B;
			productRefGroup = DAA081B91DCF2D0B0009779B /* Products */;
			projectDirPath = "";
			projectRoot = "";
			targets = (
				DAA081B71DCF2D0B0009779B /* c_project */,
			);
		};
/* End PBXProject section */

/* Begin PBXSourcesBuildPhase section */
		DAA081B41DCF2D0B0009779B /* Sources */ = {
			isa = PBXSourcesBuildPhase;
			buildActionMask = 2147483647;
			files = (
				DA90E8BE1DD0247C005119B8 /* DataType.cpp in Sources */,
				DAA081BC1DCF2D0B0009779B /* main.cpp in Sources */,
				DAA900971DD1FAFB005EE949 /* Pointer.cpp in Sources */,
				DAA900991DD1FB7C005EE949 /* PointerMath.cpp in Sources */,
			);
			runOnlyForDeploymentPostprocessing = 0;
		};
/* End PBXSourcesBuildPhase section */

/* Begin XCBuildConfiguration section */
		DAA081BD1DCF2D0B0009779B /* Debug */ = {
			isa = XCBuildConfiguration;
			buildSettings = {
				ALWAYS_SEARCH_USER_PATHS = NO;
				CLANG_ANALYZER_NONNULL = YES;
				CLANG_CXX_LANGUAGE_STANDARD = "gnu++0x";
				CLANG_CXX_LIBRARY = "libc++";
				CLANG_ENABLE_MODULES = YES;
				CLANG_ENABLE_OBJC_ARC = YES;
				CLANG_WARN_BOOL_CONVERSION = YES;
				CLANG_WARN_CONSTANT_CONVERSION = YES;
				CLANG_WARN_DIRECT_OBJC_ISA_USAGE = YES_ERROR;
				CLANG_WARN_DOCUMENTATION_COMMENTS = YES;
				CLANG_WARN_EMPTY_BODY = YES;
				CLANG_WARN_ENUM_CONVERSION = YES;
				CLANG_WARN_INFINITE_RECURSION = YES;
				CLANG_WARN_INT_CONVERSION = YES;
				CLANG_WARN_OBJC_ROOT_CLASS = YES_ERROR;
				CLANG_WARN_SUSPICIOUS_MOVES = YES;
				CLANG_WARN_UNREACHABLE_CODE = YES;
				CLANG_WARN__DUPLICATE_METHOD_MATCH = YES;
				CODE_SIGN_IDENTITY = "-";
				COPY_PHASE_STRIP = NO;
				DEBUG_INFORMATION_FORMAT = dwarf;
				ENABLE_STRICT_OBJC_MSGSEND = YES;
				ENABLE_TESTABILITY = YES;
				GCC_C_LANGUAGE_STANDARD = gnu99;
				GCC_DYNAMIC_NO_PIC = NO;
				GCC_NO_COMMON_BLOCKS = YES;
				GCC_OPTIMIZATION_LEVEL = 0;
				GCC_PREPROCESSOR_DEFINITIONS = (
					"DEBUG=1",
					"$(inherited)",
				);
				GCC_WARN_64_TO_32_BIT_CONVERSION = YES;
				GCC_WARN_ABOUT_RETURN_TYPE = YES_ERROR;
				GCC_WARN_UNDECLARED_SELECTOR = YES;
				GCC_WARN_UNINITIALIZED_AUTOS = YES_AGGRESSIVE;
				GCC_WARN_UNUSED_FUNCTION = YES;
				GCC_WARN_UNUSED_VARIABLE = YES;
				MACOSX_DEPLOYMENT_TARGET = 10.12;
				MTL_ENABLE_DEBUG_INFO = YES;
				ONLY_ACTIVE_ARCH = YES;
				SDKROOT = macosx;
			};
			name = Debug;
		};
		DAA081BE1DCF2D0B0009779B /* Release */ = {
			isa = XCBuildConfiguration;
			buildSettings = {
				ALWAYS_SEARCH_USER_PATHS = NO;
				CLANG_ANALYZER_NONNULL = YES;
				CLANG_CXX_LANGUAGE_STANDARD = "gnu++0x";
				CLANG_CXX_LIBRARY = "libc++";
				CLANG_ENABLE_MODULES = YES;
				CLANG_ENABLE_OBJC_ARC = YES;
				CLANG_WARN_BOOL_CONVERSION = YES;
				CLANG_WARN_CONSTANT_CONVERSION = YES;
				CLANG_WARN_DIRECT_OBJC_ISA_USAGE = YES_ERROR;
				CLANG_WARN_DOCUMENTATION_COMMENTS = YES;
				CLANG_WARN_EMPTY_BODY = YES;
				CLANG_WARN_ENUM_CONVERSION = YES;
				CLANG_WARN_INFINITE_RECURSION = YES;
				CLANG_WARN_INT_CONVERSION = YES;
				CLANG_WARN_OBJC_ROOT_CLASS = YES_ERROR;
				CLANG_WARN_SUSPICIOUS_MOVES = YES;
				CLANG_WARN_UNREACHABLE_CODE = YES;
				CLANG_WARN__DUPLICATE_METHOD_MATCH = YES;
				CODE_SIGN_IDENTITY = "-";
				COPY_PHASE_STRIP = NO;
				DEBUG_INFORMATION_FORMAT = "dwarf-with-dsym";
				ENABLE_NS_ASSERTIONS = NO;
				ENABLE_STRICT_OBJC_MSGSEND = YES;
				GCC_C_LANGUAGE_STANDARD = gnu99;
				GCC_NO_COMMON_BLOCKS = YES;
				GCC_WARN_64_TO_32_BIT_CONVERSION = YES;
				GCC_WARN_ABOUT_RETURN_TYPE = YES_ERROR;
				GCC_WARN_UNDECLARED_SELECTOR = YES;
				GCC_WARN_UNINITIALIZED_AUTOS = YES_AGGRESSIVE;
				GCC_WARN_UNUSED_FUNCTION = YES;
				GCC_WARN_UNUSED_VARIABLE = YES;
				MACOSX_DEPLOYMENT_TARGET = 10.12;
				MTL_ENABLE_DEBUG_INFO = NO;
				SDKROOT = macosx;
			};
			name = Release;
		};
		DAA081C01DCF2D0B0009779B /* Debug */ = {
			isa = XCBuildConfiguration;
			buildSettings = {
				PRODUCT_NAME = "$(TARGET_NAME)";
			};
			name = Debug;
		};
		DAA081C11DCF2D0B0009779B /* Release */ = {
			isa = XCBuildConfiguration;
			buildSettings = {
				PRODUCT_NAME = "$(TARGET_NAME)";
			};
			name = Release;
		};
/* End XCBuildConfiguration section */

/* Begin XCConfigurationList section */
		DAA081B31DCF2D0B0009779B /* Build configuration list for PBXProject "c_project" */ = {
			isa = XCConfigurationList;
			buildConfigurations = (
				DAA081BD1DCF2D0B0009779B /* Debug */,
				DAA081BE1DCF2D0B0009779B /* Release */,
			);
			defaultConfigurationIsVisible = 0;
			defaultConfigurationName = Release;
		};
		DAA081BF1DCF2D0B0009779B /* Build configuration list for PBXNativeTarget "c_project" */ = {
			isa = XCConfigurationList;
			buildConfigurations = (
				DAA081C01DCF2D0B0009779B /* Debug */,
				DAA081C11DCF2D0B0009779B /* Release */,
			);
			defaultConfigurationIsVisible = 0;
			defaultConfigurationName = Release;
		};
/* End XCConfigurationList section */
	};
	rootObject = DAA081B01DCF2D0B0009779B /* Project object */;
}
